
Microsoft Visual Studio Solution File, Format Version 12.00
# Visual Studio Version 16
VisualStudioVersion = 16.0.30709.132
MinimumVisualStudioVersion = 10.0.40219.1
Project("{FAE04EC0-301F-11D3-BF4B-00C04F79EFBC}") = "Ghess", "Ghess\Ghess.csproj", "{1D3D5230-940A-4F42-B55A-150D481C0BDA}"
EndProject
Global
	GlobalSection(SolutionConfigurationPlatforms) = preSolution
		Debug|Any CPU = Debug|Any CPU
		Release|Any CPU = Release|Any CPU
	EndGlobalSection
	GlobalSection(ProjectConfigurationPlatforms) = postSolution
		{1D3D5230-940A-4F42-B55A-150D481C0BDA}.Debug|Any CPU.ActiveCfg = Debug|Any CPU
		{1D3D5230-940A-4F42-B55A-150D481C0BDA}.Debug|Any CPU.Build.0 = Debug|Any CPU
		{1D3D5230-940A-4F42-B55A-150D481C0BDA}.Release|Any CPU.ActiveCfg = Release|Any CPU
		{1D3D5230-940A-4F42-B55A-150D481C0BDA}.Release|Any CPU.Build.0 = Release|Any CPU
	EndGlobalSection
	GlobalSection(SolutionProperties) = preSolution
		HideSolutionNode = FALSE
	EndGlobalSection
	GlobalSection(ExtensibilityGlobals) = postSolution
		SolutionGuid = {41450AD0-377B-4C6C-AE7E-D33FEC36129F}
	EndGlobalSection
EndGlobal
